
Microsoft Visual Studio Solution File, Format Version 12.00
# Visual Studio 15
Project("{FAE04EC0-301F-11D3-BF4B-00C04F79EFBC}") = "Xamarin.Nuke", "Xamarin.Nuke\Xamarin.Nuke.csproj", "{3569C7FD-7FE0-452F-A95E-52A57861A42D}"
EndProject
Global
	GlobalSection(SolutionConfigurationPlatforms) = preSolution
		Debug|Any CPU = Debug|Any CPU
		Release|Any CPU = Release|Any CPU
	EndGlobalSection
	GlobalSection(ProjectConfigurationPlatforms) = postSolution
		{3569C7FD-7FE0-452F-A95E-52A57861A42D}.Debug|Any CPU.ActiveCfg = Debug|Any CPU
		{3569C7FD-7FE0-452F-A95E-52A57861A42D}.Debug|Any CPU.Build.0 = Debug|Any CPU
		{3569C7FD-7FE0-452F-A95E-52A57861A42D}.Release|Any CPU.ActiveCfg = Release|Any CPU
		{3569C7FD-7FE0-452F-A95E-52A57861A42D}.Release|Any CPU.Build.0 = Release|Any CPU
	EndGlobalSection
EndGlobal
