
Microsoft Visual Studio Solution File, Format Version 12.00
# Visual Studio 15
Project("{2150E333-8FDC-42A3-9474-1A3956D46DE8}") = "Solution items", "Solution items", "{9B85792F-7415-4F1E-88DB-2DF3E0FC9C23}"
	ProjectSection(SolutionItems) = preProject
		..\Cartfile = ..\Cartfile
		..\build.sh = ..\build.sh
		..\.github\workflows\build.yml = ..\.github\workflows\build.yml
		..\.github\workflows\publish.yml = ..\.github\workflows\publish.yml
	EndProjectSection
EndProject
Project("{FAE04EC0-301F-11D3-BF4B-00C04F79EFBC}") = "ImageCaching.Nuke", "ImageCaching.Nuke\ImageCaching.Nuke.csproj", "{3569C7FD-7FE0-452F-A95E-52A57861A42D}"
EndProject
Project("{FAE04EC0-301F-11D3-BF4B-00C04F79EFBC}") = "Sample", "Sample\Sample.csproj", "{7177EAAC-5341-459A-9F53-EBC78F27F842}"
EndProject
Global
	GlobalSection(SolutionConfigurationPlatforms) = preSolution
		Debug|Any CPU = Debug|Any CPU
		Release|Any CPU = Release|Any CPU
	EndGlobalSection
	GlobalSection(ProjectConfigurationPlatforms) = postSolution
		{3569C7FD-7FE0-452F-A95E-52A57861A42D}.Debug|Any CPU.ActiveCfg = Debug|Any CPU
		{3569C7FD-7FE0-452F-A95E-52A57861A42D}.Debug|Any CPU.Build.0 = Debug|Any CPU
		{7177EAAC-5341-459A-9F53-EBC78F27F842}.Debug|Any CPU.ActiveCfg = Debug|Any CPU
		{7177EAAC-5341-459A-9F53-EBC78F27F842}.Debug|Any CPU.Build.0 = Debug|Any CPU
	EndGlobalSection
EndGlobal
